// !$*UTF8*$!
{
	archiveVersion = 1;
	classes = {
	};
	objectVersion = 50;
	objects = {

/* Begin PBXBuildFile section */
		A62E113523718BBD00BB88C8 /* ZA_OtherFlowLayout.m in Sources */ = {isa = PBXBuildFile; fileRef = A62E113423718BBD00BB88C8 /* ZA_OtherFlowLayout.m */; };
		A62E113A2371923600BB88C8 /* 3.png in Resources */ = {isa = PBXBuildFile; fileRef = A62E11362371923500BB88C8 /* 3.png */; };
		A62E113B2371923600BB88C8 /* 1.png in Resources */ = {isa = PBXBuildFile; fileRef = A62E11372371923500BB88C8 /* 1.png */; };
		A62E113C2371923600BB88C8 /* 2.png in Resources */ = {isa = PBXBuildFile; fileRef = A62E11382371923600BB88C8 /* 2.png */; };
		A62E113D2371923600BB88C8 /* 4.png in Resources */ = {isa = PBXBuildFile; fileRef = A62E11392371923600BB88C8 /* 4.png */; };
		A62E11412371929900BB88C8 /* CustomCollectionViewCell.m in Sources */ = {isa = PBXBuildFile; fileRef = A62E113F2371929900BB88C8 /* CustomCollectionViewCell.m */; };
		A62E11422371929900BB88C8 /* CustomCollectionViewCell.xib in Resources */ = {isa = PBXBuildFile; fileRef = A62E11402371929900BB88C8 /* CustomCollectionViewCell.xib */; };
		A6F9D29A235167A90099EC4D /* AppDelegate.m in Sources */ = {isa = PBXBuildFile; fileRef = A6F9D299235167A90099EC4D /* AppDelegate.m */; };
		A6F9D29D235167A90099EC4D /* ViewController.m in Sources */ = {isa = PBXBuildFile; fileRef = A6F9D29C235167A90099EC4D /* ViewController.m */; };
		A6F9D2A0235167A90099EC4D /* Main.storyboard in Resources */ = {isa = PBXBuildFile; fileRef = A6F9D29E235167A90099EC4D /* Main.storyboard */; };
		A6F9D2A2235167AC0099EC4D /* Assets.xcassets in Resources */ = {isa = PBXBuildFile; fileRef = A6F9D2A1235167AC0099EC4D /* Assets.xcassets */; };
		A6F9D2A5235167AC0099EC4D /* LaunchScreen.storyboard in Resources */ = {isa = PBXBuildFile; fileRef = A6F9D2A3235167AC0099EC4D /* LaunchScreen.storyboard */; };
		A6F9D2A8235167AC0099EC4D /* main.m in Sources */ = {isa = PBXBuildFile; fileRef = A6F9D2A7235167AC0099EC4D /* main.m */; };
		A6F9D2B2235167AC0099EC4D /* CustomFlowLayOutTests.m in Sources */ = {isa = PBXBuildFile; fileRef = A6F9D2B1235167AC0099EC4D /* CustomFlowLayOutTests.m */; };
		A6F9D2BD235167AC0099EC4D /* CustomFlowLayOutUITests.m in Sources */ = {isa = PBXBuildFile; fileRef = A6F9D2BC235167AC0099EC4D /* CustomFlowLayOutUITests.m */; };
		A6F9D2CC235167D90099EC4D /* ZA_FlowLayout.m in Sources */ = {isa = PBXBuildFile; fileRef = A6F9D2CB235167D90099EC4D /* ZA_FlowLayout.m */; };
		A6F9D2CF235175CE0099EC4D /* VCollectionViewHorizontalLayout.m in Sources */ = {isa = PBXBuildFile; fileRef = A6F9D2CE235175CE0099EC4D /* VCollectionViewHorizontalLayout.m */; };
/* End PBXBuildFile section */

/* Begin PBXContainerItemProxy section */
		A6F9D2AE235167AC0099EC4D /* PBXContainerItemProxy */ = {
			isa = PBXContainerItemProxy;
			containerPortal = A6F9D28D235167A90099EC4D /* Project object */;
			proxyType = 1;
			remoteGlobalIDString = A6F9D294235167A90099EC4D;
			remoteInfo = CustomFlowLayOut;
		};
		A6F9D2B9235167AC0099EC4D /* PBXContainerItemProxy */ = {
			isa = PBXContainerItemProxy;
			containerPortal = A6F9D28D235167A90099EC4D /* Project object */;
			proxyType = 1;
			remoteGlobalIDString = A6F9D294235167A90099EC4D;
			remoteInfo = CustomFlowLayOut;
		};
/* End PBXContainerItemProxy section */

/* Begin PBXFileReference section */
		A62E113323718BBD00BB88C8 /* ZA_OtherFlowLayout.h */ = {isa = PBXFileReference; lastKnownFileType = sourcecode.c.h; path = ZA_OtherFlowLayout.h; sourceTree = "<group>"; };
		A62E113423718BBD00BB88C8 /* ZA_OtherFlowLayout.m */ = {isa = PBXFileReference; lastKnownFileType = sourcecode.c.objc; path = ZA_OtherFlowLayout.m; sourceTree = "<group>"; };
		A62E11362371923500BB88C8 /* 3.png */ = {isa = PBXFileReference; lastKnownFileType = image.png; path = 3.png; sourceTree = "<group>"; };
		A62E11372371923500BB88C8 /* 1.png */ = {isa = PBXFileReference; lastKnownFileType = image.png; path = 1.png; sourceTree = "<group>"; };
		A62E11382371923600BB88C8 /* 2.png */ = {isa = PBXFileReference; lastKnownFileType = image.png; path = 2.png; sourceTree = "<group>"; };
		A62E11392371923600BB88C8 /* 4.png */ = {isa = PBXFileReference; lastKnownFileType = image.png; path = 4.png; sourceTree = "<group>"; };
		A62E113E2371929900BB88C8 /* CustomCollectionViewCell.h */ = {isa = PBXFileReference; lastKnownFileType = sourcecode.c.h; path = CustomCollectionViewCell.h; sourceTree = "<group>"; };
		A62E113F2371929900BB88C8 /* CustomCollectionViewCell.m */ = {isa = PBXFileReference; lastKnownFileType = sourcecode.c.objc; path = CustomCollectionViewCell.m; sourceTree = "<group>"; };
		A62E11402371929900BB88C8 /* CustomCollectionViewCell.xib */ = {isa = PBXFileReference; lastKnownFileType = file.xib; path = CustomCollectionViewCell.xib; sourceTree = "<group>"; };
		A6F9D295235167A90099EC4D /* CustomFlowLayOut.app */ = {isa = PBXFileReference; explicitFileType = wrapper.application; includeInIndex = 0; path = CustomFlowLayOut.app; sourceTree = BUILT_PRODUCTS_DIR; };
		A6F9D298235167A90099EC4D /* AppDelegate.h */ = {isa = PBXFileReference; lastKnownFileType = sourcecode.c.h; path = AppDelegate.h; sourceTree = "<group>"; };
		A6F9D299235167A90099EC4D /* AppDelegate.m */ = {isa = PBXFileReference; lastKnownFileType = sourcecode.c.objc; path = AppDelegate.m; sourceTree = "<group>"; };
		A6F9D29B235167A90099EC4D /* ViewController.h */ = {isa = PBXFileReference; lastKnownFileType = sourcecode.c.h; path = ViewController.h; sourceTree = "<group>"; };
		A6F9D29C235167A90099EC4D /* ViewController.m */ = {isa = PBXFileReference; lastKnownFileType = sourcecode.c.objc; path = ViewController.m; sourceTree = "<group>"; };
		A6F9D29F235167A90099EC4D /* Base */ = {isa = PBXFileReference; lastKnownFileType = file.storyboard; name = Base; path = Base.lproj/Main.storyboard; sourceTree = "<group>"; };
		A6F9D2A1235167AC0099EC4D /* Assets.xcassets */ = {isa = PBXFileReference; lastKnownFileType = folder.assetcatalog; path = Assets.xcassets; sourceTree = "<group>"; };
		A6F9D2A4235167AC0099EC4D /* Base */ = {isa = PBXFileReference; lastKnownFileType = file.storyboard; name = Base; path = Base.lproj/LaunchScreen.storyboard; sourceTree = "<group>"; };
		A6F9D2A6235167AC0099EC4D /* Info.plist */ = {isa = PBXFileReference; lastKnownFileType = text.plist.xml; path = Info.plist; sourceTree = "<group>"; };
		A6F9D2A7235167AC0099EC4D /* main.m */ = {isa = PBXFileReference; lastKnownFileType = sourcecode.c.objc; path = main.m; sourceTree = "<group>"; };
		A6F9D2AD235167AC0099EC4D /* CustomFlowLayOutTests.xctest */ = {isa = PBXFileReference; explicitFileType = wrapper.cfbundle; includeInIndex = 0; path = CustomFlowLayOutTests.xctest; sourceTree = BUILT_PRODUCTS_DIR; };
		A6F9D2B1235167AC0099EC4D /* CustomFlowLayOutTests.m */ = {isa = PBXFileReference; lastKnownFileType = sourcecode.c.objc; path = CustomFlowLayOutTests.m; sourceTree = "<group>"; };
		A6F9D2B3235167AC0099EC4D /* Info.plist */ = {isa = PBXFileReference; lastKnownFileType = text.plist.xml; path = Info.plist; sourceTree = "<group>"; };
		A6F9D2B8235167AC0099EC4D /* CustomFlowLayOutUITests.xctest */ = {isa = PBXFileReference; explicitFileType = wrapper.cfbundle; includeInIndex = 0; path = CustomFlowLayOutUITests.xctest; sourceTree = BUILT_PRODUCTS_DIR; };
		A6F9D2BC235167AC0099EC4D /* CustomFlowLayOutUITests.m */ = {isa = PBXFileReference; lastKnownFileType = sourcecode.c.objc; path = CustomFlowLayOutUITests.m; sourceTree = "<group>"; };
		A6F9D2BE235167AC0099EC4D /* Info.plist */ = {isa = PBXFileReference; lastKnownFileType = text.plist.xml; path = Info.plist; sourceTree = "<group>"; };
		A6F9D2CA235167D90099EC4D /* ZA_FlowLayout.h */ = {isa = PBXFileReference; lastKnownFileType = sourcecode.c.h; path = ZA_FlowLayout.h; sourceTree = "<group>"; };
		A6F9D2CB235167D90099EC4D /* ZA_FlowLayout.m */ = {isa = PBXFileReference; lastKnownFileType = sourcecode.c.objc; path = ZA_FlowLayout.m; sourceTree = "<group>"; };
		A6F9D2CD235175CD0099EC4D /* VCollectionViewHorizontalLayout.h */ = {isa = PBXFileReference; fileEncoding = 4; lastKnownFileType = sourcecode.c.h; path = VCollectionViewHorizontalLayout.h; sourceTree = "<group>"; };
		A6F9D2CE235175CE0099EC4D /* VCollectionViewHorizontalLayout.m */ = {isa = PBXFileReference; fileEncoding = 4; lastKnownFileType = sourcecode.c.objc; path = VCollectionViewHorizontalLayout.m; sourceTree = "<group>"; };
/* End PBXFileReference section */

/* Begin PBXFrameworksBuildPhase section */
		A6F9D292235167A90099EC4D /* Frameworks */ = {
			isa = PBXFrameworksBuildPhase;
			buildActionMask = 2147483647;
			files = (
			);
			runOnlyForDeploymentPostprocessing = 0;
		};
		A6F9D2AA235167AC0099EC4D /* Frameworks */ = {
			isa = PBXFrameworksBuildPhase;
			buildActionMask = 2147483647;
			files = (
			);
			runOnlyForDeploymentPostprocessing = 0;
		};
		A6F9D2B5235167AC0099EC4D /* Frameworks */ = {
			isa = PBXFrameworksBuildPhase;
			buildActionMask = 2147483647;
			files = (
			);
			runOnlyForDeploymentPostprocessing = 0;
		};
/* End PBXFrameworksBuildPhase section */

/* Begin PBXGroup section */
		A6F9D28C235167A90099EC4D = {
			isa = PBXGroup;
			children = (
				A6F9D297235167A90099EC4D /* CustomFlowLayOut */,
				A6F9D2B0235167AC0099EC4D /* CustomFlowLayOutTests */,
				A6F9D2BB235167AC0099EC4D /* CustomFlowLayOutUITests */,
				A6F9D296235167A90099EC4D /* Products */,
			);
			sourceTree = "<group>";
		};
		A6F9D296235167A90099EC4D /* Products */ = {
			isa = PBXGroup;
			children = (
				A6F9D295235167A90099EC4D /* CustomFlowLayOut.app */,
				A6F9D2AD235167AC0099EC4D /* CustomFlowLayOutTests.xctest */,
				A6F9D2B8235167AC0099EC4D /* CustomFlowLayOutUITests.xctest */,
			);
			name = Products;
			sourceTree = "<group>";
		};
		A6F9D297235167A90099EC4D /* CustomFlowLayOut */ = {
			isa = PBXGroup;
			children = (
				A62E11372371923500BB88C8 /* 1.png */,
				A62E11382371923600BB88C8 /* 2.png */,
				A62E11362371923500BB88C8 /* 3.png */,
				A62E11392371923600BB88C8 /* 4.png */,
				A6F9D298235167A90099EC4D /* AppDelegate.h */,
				A6F9D299235167A90099EC4D /* AppDelegate.m */,
				A6F9D29B235167A90099EC4D /* ViewController.h */,
				A6F9D29C235167A90099EC4D /* ViewController.m */,
				A6F9D2CA235167D90099EC4D /* ZA_FlowLayout.h */,
				A6F9D2CB235167D90099EC4D /* ZA_FlowLayout.m */,
				A62E113323718BBD00BB88C8 /* ZA_OtherFlowLayout.h */,
				A62E113423718BBD00BB88C8 /* ZA_OtherFlowLayout.m */,
				A62E113E2371929900BB88C8 /* CustomCollectionViewCell.h */,
				A62E113F2371929900BB88C8 /* CustomCollectionViewCell.m */,
				A62E11402371929900BB88C8 /* CustomCollectionViewCell.xib */,
				A6F9D2CD235175CD0099EC4D /* VCollectionViewHorizontalLayout.h */,
				A6F9D2CE235175CE0099EC4D /* VCollectionViewHorizontalLayout.m */,
				A6F9D29E235167A90099EC4D /* Main.storyboard */,
				A6F9D2A1235167AC0099EC4D /* Assets.xcassets */,
				A6F9D2A3235167AC0099EC4D /* LaunchScreen.storyboard */,
				A6F9D2A6235167AC0099EC4D /* Info.plist */,
				A6F9D2A7235167AC0099EC4D /* main.m */,
			);
			path = CustomFlowLayOut;
			sourceTree = "<group>";
		};
		A6F9D2B0235167AC0099EC4D /* CustomFlowLayOutTests */ = {
			isa = PBXGroup;
			children = (
				A6F9D2B1235167AC0099EC4D /* CustomFlowLayOutTests.m */,
				A6F9D2B3235167AC0099EC4D /* Info.plist */,
			);
			path = CustomFlowLayOutTests;
			sourceTree = "<group>";
		};
		A6F9D2BB235167AC0099EC4D /* CustomFlowLayOutUITests */ = {
			isa = PBXGroup;
			children = (
				A6F9D2BC235167AC0099EC4D /* CustomFlowLayOutUITests.m */,
				A6F9D2BE235167AC0099EC4D /* Info.plist */,
			);
			path = CustomFlowLayOutUITests;
			sourceTree = "<group>";
		};
/* End PBXGroup section */

/* Begin PBXNativeTarget section */
		A6F9D294235167A90099EC4D /* CustomFlowLayOut */ = {
			isa = PBXNativeTarget;
			buildConfigurationList = A6F9D2C1235167AC0099EC4D /* Build configuration list for PBXNativeTarget "CustomFlowLayOut" */;
			buildPhases = (
				A6F9D291235167A90099EC4D /* Sources */,
				A6F9D292235167A90099EC4D /* Frameworks */,
				A6F9D293235167A90099EC4D /* Resources */,
			);
			buildRules = (
			);
			dependencies = (
			);
			name = CustomFlowLayOut;
			productName = CustomFlowLayOut;
			productReference = A6F9D295235167A90099EC4D /* CustomFlowLayOut.app */;
			productType = "com.apple.product-type.application";
		};
		A6F9D2AC235167AC0099EC4D /* CustomFlowLayOutTests */ = {
			isa = PBXNativeTarget;
			buildConfigurationList = A6F9D2C4235167AC0099EC4D /* Build configuration list for PBXNativeTarget "CustomFlowLayOutTests" */;
			buildPhases = (
				A6F9D2A9235167AC0099EC4D /* Sources */,
				A6F9D2AA235167AC0099EC4D /* Frameworks */,
				A6F9D2AB235167AC0099EC4D /* Resources */,
			);
			buildRules = (
			);
			dependencies = (
				A6F9D2AF235167AC0099EC4D /* PBXTargetDependency */,
			);
			name = CustomFlowLayOutTests;
			productName = CustomFlowLayOutTests;
			productReference = A6F9D2AD235167AC0099EC4D /* CustomFlowLayOutTests.xctest */;
			productType = "com.apple.product-type.bundle.unit-test";
		};
		A6F9D2B7235167AC0099EC4D /* CustomFlowLayOutUITests */ = {
			isa = PBXNativeTarget;
			buildConfigurationList = A6F9D2C7235167AC0099EC4D /* Build configuration list for PBXNativeTarget "CustomFlowLayOutUITests" */;
			buildPhases = (
				A6F9D2B4235167AC0099EC4D /* Sources */,
				A6F9D2B5235167AC0099EC4D /* Frameworks */,
				A6F9D2B6235167AC0099EC4D /* Resources */,
			);
			buildRules = (
			);
			dependencies = (
				A6F9D2BA235167AC0099EC4D /* PBXTargetDependency */,
			);
			name = CustomFlowLayOutUITests;
			productName = CustomFlowLayOutUITests;
			productReference = A6F9D2B8235167AC0099EC4D /* CustomFlowLayOutUITests.xctest */;
			productType = "com.apple.product-type.bundle.ui-testing";
		};
/* End PBXNativeTarget section */

/* Begin PBXProject section */
		A6F9D28D235167A90099EC4D /* Project object */ = {
			isa = PBXProject;
			attributes = {
				LastUpgradeCheck = 0940;
				ORGANIZATIONNAME = "张奥";
				TargetAttributes = {
					A6F9D294235167A90099EC4D = {
						CreatedOnToolsVersion = 9.4.1;
					};
					A6F9D2AC235167AC0099EC4D = {
						CreatedOnToolsVersion = 9.4.1;
						TestTargetID = A6F9D294235167A90099EC4D;
					};
					A6F9D2B7235167AC0099EC4D = {
						CreatedOnToolsVersion = 9.4.1;
						TestTargetID = A6F9D294235167A90099EC4D;
					};
				};
			};
			buildConfigurationList = A6F9D290235167A90099EC4D /* Build configuration list for PBXProject "CustomFlowLayOut" */;
			compatibilityVersion = "Xcode 9.3";
			developmentRegion = en;
			hasScannedForEncodings = 0;
			knownRegions = (
				en,
				Base,
			);
			mainGroup = A6F9D28C235167A90099EC4D;
			productRefGroup = A6F9D296235167A90099EC4D /* Products */;
			projectDirPath = "";
			projectRoot = "";
			targets = (
				A6F9D294235167A90099EC4D /* CustomFlowLayOut */,
				A6F9D2AC235167AC0099EC4D /* CustomFlowLayOutTests */,
				A6F9D2B7235167AC0099EC4D /* CustomFlowLayOutUITests */,
			);
		};
/* End PBXProject section */

/* Begin PBXResourcesBuildPhase section */
		A6F9D293235167A90099EC4D /* Resources */ = {
			isa = PBXResourcesBuildPhase;
			buildActionMask = 2147483647;
			files = (
				A62E113C2371923600BB88C8 /* 2.png in Resources */,
				A62E113D2371923600BB88C8 /* 4.png in Resources */,
				A6F9D2A5235167AC0099EC4D /* LaunchScreen.storyboard in Resources */,
				A6F9D2A2235167AC0099EC4D /* Assets.xcassets in Resources */,
				A6F9D2A0235167A90099EC4D /* Main.storyboard in Resources */,
				A62E113A2371923600BB88C8 /* 3.png in Resources */,
				A62E113B2371923600BB88C8 /* 1.png in Resources */,
				A62E11422371929900BB88C8 /* CustomCollectionViewCell.xib in Resources */,
			);
			runOnlyForDeploymentPostprocessing = 0;
		};
		A6F9D2AB235167AC0099EC4D /* Resources */ = {
			isa = PBXResourcesBuildPhase;
			buildActionMask = 2147483647;
			files = (
			);
			runOnlyForDeploymentPostprocessing = 0;
		};
		A6F9D2B6235167AC0099EC4D /* Resources */ = {
			isa = PBXResourcesBuildPhase;
			buildActionMask = 2147483647;
			files = (
			);
			runOnlyForDeploymentPostprocessing = 0;
		};
/* End PBXResourcesBuildPhase section */

/* Begin PBXSourcesBuildPhase section */
		A6F9D291235167A90099EC4D /* Sources */ = {
			isa = PBXSourcesBuildPhase;
			buildActionMask = 2147483647;
			files = (
				A6F9D2CF235175CE0099EC4D /* VCollectionViewHorizontalLayout.m in Sources */,
				A6F9D29D235167A90099EC4D /* ViewController.m in Sources */,
				A6F9D2A8235167AC0099EC4D /* main.m in Sources */,
				A6F9D2CC235167D90099EC4D /* ZA_FlowLayout.m in Sources */,
				A62E11412371929900BB88C8 /* CustomCollectionViewCell.m in Sources */,
				A6F9D29A235167A90099EC4D /* AppDelegate.m in Sources */,
				A62E113523718BBD00BB88C8 /* ZA_OtherFlowLayout.m in Sources */,
			);
			runOnlyForDeploymentPostprocessing = 0;
		};
		A6F9D2A9235167AC0099EC4D /* Sources */ = {
			isa = PBXSourcesBuildPhase;
			buildActionMask = 2147483647;
			files = (
				A6F9D2B2235167AC0099EC4D /* CustomFlowLayOutTests.m in Sources */,
			);
			runOnlyForDeploymentPostprocessing = 0;
		};
		A6F9D2B4235167AC0099EC4D /* Sources */ = {
			isa = PBXSourcesBuildPhase;
			buildActionMask = 2147483647;
			files = (
				A6F9D2BD235167AC0099EC4D /* CustomFlowLayOutUITests.m in Sources */,
			);
			runOnlyForDeploymentPostprocessing = 0;
		};
/* End PBXSourcesBuildPhase section */

/* Begin PBXTargetDependency section */
		A6F9D2AF235167AC0099EC4D /* PBXTargetDependency */ = {
			isa = PBXTargetDependency;
			target = A6F9D294235167A90099EC4D /* CustomFlowLayOut */;
			targetProxy = A6F9D2AE235167AC0099EC4D /* PBXContainerItemProxy */;
		};
		A6F9D2BA235167AC0099EC4D /* PBXTargetDependency */ = {
			isa = PBXTargetDependency;
			target = A6F9D294235167A90099EC4D /* CustomFlowLayOut */;
			targetProxy = A6F9D2B9235167AC0099EC4D /* PBXContainerItemProxy */;
		};
/* End PBXTargetDependency section */

/* Begin PBXVariantGroup section */
		A6F9D29E235167A90099EC4D /* Main.storyboard */ = {
			isa = PBXVariantGroup;
			children = (
				A6F9D29F235167A90099EC4D /* Base */,
			);
			name = Main.storyboard;
			sourceTree = "<group>";
		};
		A6F9D2A3235167AC0099EC4D /* LaunchScreen.storyboard */ = {
			isa = PBXVariantGroup;
			children = (
				A6F9D2A4235167AC0099EC4D /* Base */,
			);
			name = LaunchScreen.storyboard;
			sourceTree = "<group>";
		};
/* End PBXVariantGroup section */

/* Begin XCBuildConfiguration section */
		A6F9D2BF235167AC0099EC4D /* Debug */ = {
			isa = XCBuildConfiguration;
			buildSettings = {
				ALWAYS_SEARCH_USER_PATHS = NO;
				CLANG_ANALYZER_NONNULL = YES;
				CLANG_ANALYZER_NUMBER_OBJECT_CONVERSION = YES_AGGRESSIVE;
				CLANG_CXX_LANGUAGE_STANDARD = "gnu++14";
				CLANG_CXX_LIBRARY = "libc++";
				CLANG_ENABLE_MODULES = YES;
				CLANG_ENABLE_OBJC_ARC = YES;
				CLANG_ENABLE_OBJC_WEAK = YES;
				CLANG_WARN_BLOCK_CAPTURE_AUTORELEASING = YES;
				CLANG_WARN_BOOL_CONVERSION = YES;
				CLANG_WARN_COMMA = YES;
				CLANG_WARN_CONSTANT_CONVERSION = YES;
				CLANG_WARN_DEPRECATED_OBJC_IMPLEMENTATIONS = YES;
				CLANG_WARN_DIRECT_OBJC_ISA_USAGE = YES_ERROR;
				CLANG_WARN_DOCUMENTATION_COMMENTS = YES;
				CLANG_WARN_EMPTY_BODY = YES;
				CLANG_WARN_ENUM_CONVERSION = YES;
				CLANG_WARN_INFINITE_RECURSION = YES;
				CLANG_WARN_INT_CONVERSION = YES;
				CLANG_WARN_NON_LITERAL_NULL_CONVERSION = YES;
				CLANG_WARN_OBJC_IMPLICIT_RETAIN_SELF = YES;
				CLANG_WARN_OBJC_LITERAL_CONVERSION = YES;
				CLANG_WARN_OBJC_ROOT_CLASS = YES_ERROR;
				CLANG_WARN_RANGE_LOOP_ANALYSIS = YES;
				CLANG_WARN_STRICT_PROTOTYPES = YES;
				CLANG_WARN_SUSPICIOUS_MOVE = YES;
				CLANG_WARN_UNGUARDED_AVAILABILITY = YES_AGGRESSIVE;
				CLANG_WARN_UNREACHABLE_CODE = YES;
				CLANG_WARN__DUPLICATE_METHOD_MATCH = YES;
				CODE_SIGN_IDENTITY = "iPhone Developer";
				COPY_PHASE_STRIP = NO;
				DEBUG_INFORMATION_FORMAT = dwarf;
				ENABLE_STRICT_OBJC_MSGSEND = YES;
				ENABLE_TESTABILITY = YES;
				GCC_C_LANGUAGE_STANDARD = gnu11;
				GCC_DYNAMIC_NO_PIC = NO;
				GCC_NO_COMMON_BLOCKS = YES;
				GCC_OPTIMIZATION_LEVEL = 0;
				GCC_PREPROCESSOR_DEFINITIONS = (
					"DEBUG=1",
					"$(inherited)",
				);
				GCC_WARN_64_TO_32_BIT_CONVERSION = YES;
				GCC_WARN_ABOUT_RETURN_TYPE = YES_ERROR;
				GCC_WARN_UNDECLARED_SELECTOR = YES;
				GCC_WARN_UNINITIALIZED_AUTOS = YES_AGGRESSIVE;
				GCC_WARN_UNUSED_FUNCTION = YES;
				GCC_WARN_UNUSED_VARIABLE = YES;
				IPHONEOS_DEPLOYMENT_TARGET = 11.4;
				MTL_ENABLE_DEBUG_INFO = YES;
				ONLY_ACTIVE_ARCH = YES;
				SDKROOT = iphoneos;
			};
			name = Debug;
		};
		A6F9D2C0235167AC0099EC4D /* Release */ = {
			isa = XCBuildConfiguration;
			buildSettings = {
				ALWAYS_SEARCH_USER_PATHS = NO;
				CLANG_ANALYZER_NONNULL = YES;
				CLANG_ANALYZER_NUMBER_OBJECT_CONVERSION = YES_AGGRESSIVE;
				CLANG_CXX_LANGUAGE_STANDARD = "gnu++14";
				CLANG_CXX_LIBRARY = "libc++";
				CLANG_ENABLE_MODULES = YES;
				CLANG_ENABLE_OBJC_ARC = YES;
				CLANG_ENABLE_OBJC_WEAK = YES;
				CLANG_WARN_BLOCK_CAPTURE_AUTORELEASING = YES;
				CLANG_WARN_BOOL_CONVERSION = YES;
				CLANG_WARN_COMMA = YES;
				CLANG_WARN_CONSTANT_CONVERSION = YES;
				CLANG_WARN_DEPRECATED_OBJC_IMPLEMENTATIONS = YES;
				CLANG_WARN_DIRECT_OBJC_ISA_USAGE = YES_ERROR;
				CLANG_WARN_DOCUMENTATION_COMMENTS = YES;
				CLANG_WARN_EMPTY_BODY = YES;
				CLANG_WARN_ENUM_CONVERSION = YES;
				CLANG_WARN_INFINITE_RECURSION = YES;
				CLANG_WARN_INT_CONVERSION = YES;
				CLANG_WARN_NON_LITERAL_NULL_CONVERSION = YES;
				CLANG_WARN_OBJC_IMPLICIT_RETAIN_SELF = YES;
				CLANG_WARN_OBJC_LITERAL_CONVERSION = YES;
				CLANG_WARN_OBJC_ROOT_CLASS = YES_ERROR;
				CLANG_WARN_RANGE_LOOP_ANALYSIS = YES;
				CLANG_WARN_STRICT_PROTOTYPES = YES;
				CLANG_WARN_SUSPICIOUS_MOVE = YES;
				CLANG_WARN_UNGUARDED_AVAILABILITY = YES_AGGRESSIVE;
				CLANG_WARN_UNREACHABLE_CODE = YES;
				CLANG_WARN__DUPLICATE_METHOD_MATCH = YES;
				CODE_SIGN_IDENTITY = "iPhone Developer";
				COPY_PHASE_STRIP = NO;
				DEBUG_INFORMATION_FORMAT = "dwarf-with-dsym";
				ENABLE_NS_ASSERTIONS = NO;
				ENABLE_STRICT_OBJC_MSGSEND = YES;
				GCC_C_LANGUAGE_STANDARD = gnu11;
				GCC_NO_COMMON_BLOCKS = YES;
				GCC_WARN_64_TO_32_BIT_CONVERSION = YES;
				GCC_WARN_ABOUT_RETURN_TYPE = YES_ERROR;
				GCC_WARN_UNDECLARED_SELECTOR = YES;
				GCC_WARN_UNINITIALIZED_AUTOS = YES_AGGRESSIVE;
				GCC_WARN_UNUSED_FUNCTION = YES;
				GCC_WARN_UNUSED_VARIABLE = YES;
				IPHONEOS_DEPLOYMENT_TARGET = 11.4;
				MTL_ENABLE_DEBUG_INFO = NO;
				SDKROOT = iphoneos;
				VALIDATE_PRODUCT = YES;
			};
			name = Release;
		};
		A6F9D2C2235167AC0099EC4D /* Debug */ = {
			isa = XCBuildConfiguration;
			buildSettings = {
				ASSETCATALOG_COMPILER_APPICON_NAME = AppIcon;
				CODE_SIGN_STYLE = Automatic;
				INFOPLIST_FILE = CustomFlowLayOut/Info.plist;
				LD_RUNPATH_SEARCH_PATHS = (
					"$(inherited)",
					"@executable_path/Frameworks",
				);
				PRODUCT_BUNDLE_IDENTIFIER = com.aozhang.CustomFlowLayOut;
				PRODUCT_NAME = "$(TARGET_NAME)";
				TARGETED_DEVICE_FAMILY = "1,2";
			};
			name = Debug;
		};
		A6F9D2C3235167AC0099EC4D /* Release */ = {
			isa = XCBuildConfiguration;
			buildSettings = {
				ASSETCATALOG_COMPILER_APPICON_NAME = AppIcon;
				CODE_SIGN_STYLE = Automatic;
				INFOPLIST_FILE = CustomFlowLayOut/Info.plist;
				LD_RUNPATH_SEARCH_PATHS = (
					"$(inherited)",
					"@executable_path/Frameworks",
				);
				PRODUCT_BUNDLE_IDENTIFIER = com.aozhang.CustomFlowLayOut;
				PRODUCT_NAME = "$(TARGET_NAME)";
				TARGETED_DEVICE_FAMILY = "1,2";
			};
			name = Release;
		};
		A6F9D2C5235167AC0099EC4D /* Debug */ = {
			isa = XCBuildConfiguration;
			buildSettings = {
				BUNDLE_LOADER = "$(TEST_HOST)";
				CODE_SIGN_STYLE = Automatic;
				INFOPLIST_FILE = CustomFlowLayOutTests/Info.plist;
				LD_RUNPATH_SEARCH_PATHS = (
					"$(inherited)",
					"@executable_path/Frameworks",
					"@loader_path/Frameworks",
				);
				PRODUCT_BUNDLE_IDENTIFIER = com.aozhang.CustomFlowLayOutTests;
				PRODUCT_NAME = "$(TARGET_NAME)";
				TARGETED_DEVICE_FAMILY = "1,2";
				TEST_HOST = "$(BUILT_PRODUCTS_DIR)/CustomFlowLayOut.app/CustomFlowLayOut";
			};
			name = Debug;
		};
		A6F9D2C6235167AC0099EC4D /* Release */ = {
			isa = XCBuildConfiguration;
			buildSettings = {
				BUNDLE_LOADER = "$(TEST_HOST)";
				CODE_SIGN_STYLE = Automatic;
				INFOPLIST_FILE = CustomFlowLayOutTests/Info.plist;
				LD_RUNPATH_SEARCH_PATHS = (
					"$(inherited)",
					"@executable_path/Frameworks",
					"@loader_path/Frameworks",
				);
				PRODUCT_BUNDLE_IDENTIFIER = com.aozhang.CustomFlowLayOutTests;
				PRODUCT_NAME = "$(TARGET_NAME)";
				TARGETED_DEVICE_FAMILY = "1,2";
				TEST_HOST = "$(BUILT_PRODUCTS_DIR)/CustomFlowLayOut.app/CustomFlowLayOut";
			};
			name = Release;
		};
		A6F9D2C8235167AC0099EC4D /* Debug */ = {
			isa = XCBuildConfiguration;
			buildSettings = {
				CODE_SIGN_STYLE = Automatic;
				INFOPLIST_FILE = CustomFlowLayOutUITests/Info.plist;
				LD_RUNPATH_SEARCH_PATHS = (
					"$(inherited)",
					"@executable_path/Frameworks",
					"@loader_path/Frameworks",
				);
				PRODUCT_BUNDLE_IDENTIFIER = com.aozhang.CustomFlowLayOutUITests;
				PRODUCT_NAME = "$(TARGET_NAME)";
				TARGETED_DEVICE_FAMILY = "1,2";
				TEST_TARGET_NAME = CustomFlowLayOut;
			};
			name = Debug;
		};
		A6F9D2C9235167AC0099EC4D /* Release */ = {
			isa = XCBuildConfiguration;
			buildSettings = {
				CODE_SIGN_STYLE = Automatic;
				INFOPLIST_FILE = CustomFlowLayOutUITests/Info.plist;
				LD_RUNPATH_SEARCH_PATHS = (
					"$(inherited)",
					"@executable_path/Frameworks",
					"@loader_path/Frameworks",
				);
				PRODUCT_BUNDLE_IDENTIFIER = com.aozhang.CustomFlowLayOutUITests;
				PRODUCT_NAME = "$(TARGET_NAME)";
				TARGETED_DEVICE_FAMILY = "1,2";
				TEST_TARGET_NAME = CustomFlowLayOut;
			};
			name = Release;
		};
/* End XCBuildConfiguration section */

/* Begin XCConfigurationList section */
		A6F9D290235167A90099EC4D /* Build configuration list for PBXProject "CustomFlowLayOut" */ = {
			isa = XCConfigurationList;
			buildConfigurations = (
				A6F9D2BF235167AC0099EC4D /* Debug */,
				A6F9D2C0235167AC0099EC4D /* Release */,
			);
			defaultConfigurationIsVisible = 0;
			defaultConfigurationName = Release;
		};
		A6F9D2C1235167AC0099EC4D /* Build configuration list for PBXNativeTarget "CustomFlowLayOut" */ = {
			isa = XCConfigurationList;
			buildConfigurations = (
				A6F9D2C2235167AC0099EC4D /* Debug */,
				A6F9D2C3235167AC0099EC4D /* Release */,
			);
			defaultConfigurationIsVisible = 0;
			defaultConfigurationName = Release;
		};
		A6F9D2C4235167AC0099EC4D /* Build configuration list for PBXNativeTarget "CustomFlowLayOutTests" */ = {
			isa = XCConfigurationList;
			buildConfigurations = (
				A6F9D2C5235167AC0099EC4D /* Debug */,
				A6F9D2C6235167AC0099EC4D /* Release */,
			);
			defaultConfigurationIsVisible = 0;
			defaultConfigurationName = Release;
		};
		A6F9D2C7235167AC0099EC4D /* Build configuration list for PBXNativeTarget "CustomFlowLayOutUITests" */ = {
			isa = XCConfigurationList;
			buildConfigurations = (
				A6F9D2C8235167AC0099EC4D /* Debug */,
				A6F9D2C9235167AC0099EC4D /* Release */,
			);
			defaultConfigurationIsVisible = 0;
			defaultConfigurationName = Release;
		};
/* End XCConfigurationList section */
	};
	rootObject = A6F9D28D235167A90099EC4D /* Project object */;
}
